// !$*UTF8*$!
{
	archiveVersion = 1;
	classes = {
	};
	objectVersion = 56;
	objects = {

/* Begin PBXBuildFile section */
		CEC1D1AC2A51B5FB00B1107C /* ChartProjectApp.swift in Sources */ = {isa = PBXBuildFile; fileRef = CEC1D1AB2A51B5FB00B1107C /* ChartProjectApp.swift */; };
		CEC1D1AE2A51B5FB00B1107C /* MainScreenView.swift in Sources */ = {isa = PBXBuildFile; fileRef = CEC1D1AD2A51B5FB00B1107C /* MainScreenView.swift */; };
		CEC1D1B02A51B5FD00B1107C /* Assets.xcassets in Resources */ = {isa = PBXBuildFile; fileRef = CEC1D1AF2A51B5FD00B1107C /* Assets.xcassets */; };
		CEC1D1B32A51B5FD00B1107C /* Preview Assets.xcassets in Resources */ = {isa = PBXBuildFile; fileRef = CEC1D1B22A51B5FD00B1107C /* Preview Assets.xcassets */; };
		CEC1D1BA2A51B64100B1107C /* ChartModel.swift in Sources */ = {isa = PBXBuildFile; fileRef = CEC1D1B92A51B64100B1107C /* ChartModel.swift */; };
		CEC1D1BC2A51D27D00B1107C /* ChartDetailsView.swift in Sources */ = {isa = PBXBuildFile; fileRef = CEC1D1BB2A51D27D00B1107C /* ChartDetailsView.swift */; };
		CEC1D1BE2A51D76C00B1107C /* LineChartView.swift in Sources */ = {isa = PBXBuildFile; fileRef = CEC1D1BD2A51D76C00B1107C /* LineChartView.swift */; };
		CEC1D1C02A51D7AE00B1107C /* Workout.swift in Sources */ = {isa = PBXBuildFile; fileRef = CEC1D1BF2A51D7AE00B1107C /* Workout.swift */; };
		CEC1D1C22A51DA0500B1107C /* Constant.swift in Sources */ = {isa = PBXBuildFile; fileRef = CEC1D1C12A51DA0500B1107C /* Constant.swift */; };
		CEC1D1CB2A520C5100B1107C /* BarChartView.swift in Sources */ = {isa = PBXBuildFile; fileRef = CEC1D1CA2A520C5100B1107C /* BarChartView.swift */; };
		CEC1D1CE2A520CC400B1107C /* TitleView.swift in Sources */ = {isa = PBXBuildFile; fileRef = CEC1D1CD2A520CC400B1107C /* TitleView.swift */; };
		CEC1D1D02A520CDF00B1107C /* SubtitleView.swift in Sources */ = {isa = PBXBuildFile; fileRef = CEC1D1CF2A520CDF00B1107C /* SubtitleView.swift */; };
/* End PBXBuildFile section */

/* Begin PBXFileReference section */
		CEC1D1A82A51B5FB00B1107C /* ChartProject.app */ = {isa = PBXFileReference; explicitFileType = wrapper.application; includeInIndex = 0; path = ChartProject.app; sourceTree = BUILT_PRODUCTS_DIR; };
		CEC1D1AB2A51B5FB00B1107C /* ChartProjectApp.swift */ = {isa = PBXFileReference; lastKnownFileType = sourcecode.swift; path = ChartProjectApp.swift; sourceTree = "<group>"; };
		CEC1D1AD2A51B5FB00B1107C /* MainScreenView.swift */ = {isa = PBXFileReference; lastKnownFileType = sourcecode.swift; path = MainScreenView.swift; sourceTree = "<group>"; };
		CEC1D1AF2A51B5FD00B1107C /* Assets.xcassets */ = {isa = PBXFileReference; lastKnownFileType = folder.assetcatalog; path = Assets.xcassets; sourceTree = "<group>"; };
		CEC1D1B22A51B5FD00B1107C /* Preview Assets.xcassets */ = {isa = PBXFileReference; lastKnownFileType = folder.assetcatalog; path = "Preview Assets.xcassets"; sourceTree = "<group>"; };
		CEC1D1B92A51B64100B1107C /* ChartModel.swift */ = {isa = PBXFileReference; lastKnownFileType = sourcecode.swift; path = ChartModel.swift; sourceTree = "<group>"; };
		CEC1D1BB2A51D27D00B1107C /* ChartDetailsView.swift */ = {isa = PBXFileReference; lastKnownFileType = sourcecode.swift; path = ChartDetailsView.swift; sourceTree = "<group>"; };
		CEC1D1BD2A51D76C00B1107C /* LineChartView.swift */ = {isa = PBXFileReference; lastKnownFileType = sourcecode.swift; path = LineChartView.swift; sourceTree = "<group>"; };
		CEC1D1BF2A51D7AE00B1107C /* Workout.swift */ = {isa = PBXFileReference; lastKnownFileType = sourcecode.swift; path = Workout.swift; sourceTree = "<group>"; };
		CEC1D1C12A51DA0500B1107C /* Constant.swift */ = {isa = PBXFileReference; lastKnownFileType = sourcecode.swift; path = Constant.swift; sourceTree = "<group>"; };
		CEC1D1CA2A520C5100B1107C /* BarChartView.swift */ = {isa = PBXFileReference; lastKnownFileType = sourcecode.swift; path = BarChartView.swift; sourceTree = "<group>"; };
		CEC1D1CD2A520CC400B1107C /* TitleView.swift */ = {isa = PBXFileReference; lastKnownFileType = sourcecode.swift; path = TitleView.swift; sourceTree = "<group>"; };
		CEC1D1CF2A520CDF00B1107C /* SubtitleView.swift */ = {isa = PBXFileReference; lastKnownFileType = sourcecode.swift; path = SubtitleView.swift; sourceTree = "<group>"; };
/* End PBXFileReference section */

/* Begin PBXFrameworksBuildPhase section */
		CEC1D1A52A51B5FB00B1107C /* Frameworks */ = {
			isa = PBXFrameworksBuildPhase;
			buildActionMask = 2147483647;
			files = (
			);
			runOnlyForDeploymentPostprocessing = 0;
		};
/* End PBXFrameworksBuildPhase section */

/* Begin PBXGroup section */
		CEC1D19F2A51B5FB00B1107C = {
			isa = PBXGroup;
			children = (
				CEC1D1AA2A51B5FB00B1107C /* ChartProject */,
				CEC1D1A92A51B5FB00B1107C /* Products */,
			);
			sourceTree = "<group>";
		};
		CEC1D1A92A51B5FB00B1107C /* Products */ = {
			isa = PBXGroup;
			children = (
				CEC1D1A82A51B5FB00B1107C /* ChartProject.app */,
			);
			name = Products;
			sourceTree = "<group>";
		};
		CEC1D1AA2A51B5FB00B1107C /* ChartProject */ = {
			isa = PBXGroup;
			children = (
				CEC1D1AB2A51B5FB00B1107C /* ChartProjectApp.swift */,
				CEC1D1C72A520B2800B1107C /* Views */,
				CEC1D1C52A520B0000B1107C /* Models */,
				CEC1D1C62A520B1300B1107C /* Helpers */,
				CEC1D1B12A51B5FD00B1107C /* Preview Content */,
			);
			path = ChartProject;
			sourceTree = "<group>";
		};
		CEC1D1B12A51B5FD00B1107C /* Preview Content */ = {
			isa = PBXGroup;
			children = (
				CEC1D1B22A51B5FD00B1107C /* Preview Assets.xcassets */,
			);
			path = "Preview Content";
			sourceTree = "<group>";
		};
		CEC1D1C52A520B0000B1107C /* Models */ = {
			isa = PBXGroup;
			children = (
				CEC1D1BF2A51D7AE00B1107C /* Workout.swift */,
				CEC1D1B92A51B64100B1107C /* ChartModel.swift */,
			);
			path = Models;
			sourceTree = "<group>";
		};
		CEC1D1C62A520B1300B1107C /* Helpers */ = {
			isa = PBXGroup;
			children = (
				CEC1D1AF2A51B5FD00B1107C /* Assets.xcassets */,
				CEC1D1C12A51DA0500B1107C /* Constant.swift */,
			);
			path = Helpers;
			sourceTree = "<group>";
		};
		CEC1D1C72A520B2800B1107C /* Views */ = {
			isa = PBXGroup;
			children = (
				CEC1D1C92A520C3E00B1107C /* BarChart */,
				CEC1D1AD2A51B5FB00B1107C /* MainScreenView.swift */,
				CEC1D1BB2A51D27D00B1107C /* ChartDetailsView.swift */,
				CEC1D1C82A520B4000B1107C /* LineChart */,
				CEC1D1CD2A520CC400B1107C /* TitleView.swift */,
				CEC1D1CF2A520CDF00B1107C /* SubtitleView.swift */,
			);
			path = Views;
			sourceTree = "<group>";
		};
		CEC1D1C82A520B4000B1107C /* LineChart */ = {
			isa = PBXGroup;
			children = (
				CEC1D1BD2A51D76C00B1107C /* LineChartView.swift */,
			);
			path = LineChart;
			sourceTree = "<group>";
		};
		CEC1D1C92A520C3E00B1107C /* BarChart */ = {
			isa = PBXGroup;
			children = (
				CEC1D1CA2A520C5100B1107C /* BarChartView.swift */,
			);
			path = BarChart;
			sourceTree = "<group>";
		};
/* End PBXGroup section */

/* Begin PBXNativeTarget section */
		CEC1D1A72A51B5FB00B1107C /* ChartProject */ = {
			isa = PBXNativeTarget;
			buildConfigurationList = CEC1D1B62A51B5FD00B1107C /* Build configuration list for PBXNativeTarget "ChartProject" */;
			buildPhases = (
				CEC1D1A42A51B5FB00B1107C /* Sources */,
				CEC1D1A52A51B5FB00B1107C /* Frameworks */,
				CEC1D1A62A51B5FB00B1107C /* Resources */,
			);
			buildRules = (
			);
			dependencies = (
			);
			name = ChartProject;
			productName = ChartProject;
			productReference = CEC1D1A82A51B5FB00B1107C /* ChartProject.app */;
			productType = "com.apple.product-type.application";
		};
/* End PBXNativeTarget section */

/* Begin PBXProject section */
		CEC1D1A02A51B5FB00B1107C /* Project object */ = {
			isa = PBXProject;
			attributes = {
				BuildIndependentTargetsInParallel = 1;
				LastSwiftUpdateCheck = 1430;
				LastUpgradeCheck = 1430;
				TargetAttributes = {
					CEC1D1A72A51B5FB00B1107C = {
						CreatedOnToolsVersion = 14.3.1;
					};
				};
			};
			buildConfigurationList = CEC1D1A32A51B5FB00B1107C /* Build configuration list for PBXProject "ChartProject" */;
			compatibilityVersion = "Xcode 14.0";
			developmentRegion = en;
			hasScannedForEncodings = 0;
			knownRegions = (
				en,
				Base,
			);
			mainGroup = CEC1D19F2A51B5FB00B1107C;
			productRefGroup = CEC1D1A92A51B5FB00B1107C /* Products */;
			projectDirPath = "";
			projectRoot = "";
			targets = (
				CEC1D1A72A51B5FB00B1107C /* ChartProject */,
			);
		};
/* End PBXProject section */

/* Begin PBXResourcesBuildPhase section */
		CEC1D1A62A51B5FB00B1107C /* Resources */ = {
			isa = PBXResourcesBuildPhase;
			buildActionMask = 2147483647;
			files = (
				CEC1D1B32A51B5FD00B1107C /* Preview Assets.xcassets in Resources */,
				CEC1D1B02A51B5FD00B1107C /* Assets.xcassets in Resources */,
			);
			runOnlyForDeploymentPostprocessing = 0;
		};
/* End PBXResourcesBuildPhase section */

/* Begin PBXSourcesBuildPhase section */
		CEC1D1A42A51B5FB00B1107C /* Sources */ = {
			isa = PBXSourcesBuildPhase;
			buildActionMask = 2147483647;
			files = (
				CEC1D1CB2A520C5100B1107C /* BarChartView.swift in Sources */,
				CEC1D1C22A51DA0500B1107C /* Constant.swift in Sources */,
				CEC1D1AE2A51B5FB00B1107C /* MainScreenView.swift in Sources */,
				CEC1D1AC2A51B5FB00B1107C /* ChartProjectApp.swift in Sources */,
				CEC1D1BA2A51B64100B1107C /* ChartModel.swift in Sources */,
				CEC1D1CE2A520CC400B1107C /* TitleView.swift in Sources */,
				CEC1D1D02A520CDF00B1107C /* SubtitleView.swift in Sources */,
				CEC1D1BC2A51D27D00B1107C /* ChartDetailsView.swift in Sources */,
				CEC1D1BE2A51D76C00B1107C /* LineChartView.swift in Sources */,
				CEC1D1C02A51D7AE00B1107C /* Workout.swift in Sources */,
			);
			runOnlyForDeploymentPostprocessing = 0;
		};
/* End PBXSourcesBuildPhase section */

/* Begin XCBuildConfiguration section */
		CEC1D1B42A51B5FD00B1107C /* Debug */ = {
			isa = XCBuildConfiguration;
			buildSettings = {
				ALWAYS_SEARCH_USER_PATHS = NO;
				CLANG_ANALYZER_NONNULL = YES;
				CLANG_ANALYZER_NUMBER_OBJECT_CONVERSION = YES_AGGRESSIVE;
				CLANG_CXX_LANGUAGE_STANDARD = "gnu++20";
				CLANG_ENABLE_MODULES = YES;
				CLANG_ENABLE_OBJC_ARC = YES;
				CLANG_ENABLE_OBJC_WEAK = YES;
				CLANG_WARN_BLOCK_CAPTURE_AUTORELEASING = YES;
				CLANG_WARN_BOOL_CONVERSION = YES;
				CLANG_WARN_COMMA = YES;
				CLANG_WARN_CONSTANT_CONVERSION = YES;
				CLANG_WARN_DEPRECATED_OBJC_IMPLEMENTATIONS = YES;
				CLANG_WARN_DIRECT_OBJC_ISA_USAGE = YES_ERROR;
				CLANG_WARN_DOCUMENTATION_COMMENTS = YES;
				CLANG_WARN_EMPTY_BODY = YES;
				CLANG_WARN_ENUM_CONVERSION = YES;
				CLANG_WARN_INFINITE_RECURSION = YES;
				CLANG_WARN_INT_CONVERSION = YES;
				CLANG_WARN_NON_LITERAL_NULL_CONVERSION = YES;
				CLANG_WARN_OBJC_IMPLICIT_RETAIN_SELF = YES;
				CLANG_WARN_OBJC_LITERAL_CONVERSION = YES;
				CLANG_WARN_OBJC_ROOT_CLASS = YES_ERROR;
				CLANG_WARN_QUOTED_INCLUDE_IN_FRAMEWORK_HEADER = YES;
				CLANG_WARN_RANGE_LOOP_ANALYSIS = YES;
				CLANG_WARN_STRICT_PROTOTYPES = YES;
				CLANG_WARN_SUSPICIOUS_MOVE = YES;
				CLANG_WARN_UNGUARDED_AVAILABILITY = YES_AGGRESSIVE;
				CLANG_WARN_UNREACHABLE_CODE = YES;
				CLANG_WARN__DUPLICATE_METHOD_MATCH = YES;
				COPY_PHASE_STRIP = NO;
				DEBUG_INFORMATION_FORMAT = dwarf;
				ENABLE_STRICT_OBJC_MSGSEND = YES;
				ENABLE_TESTABILITY = YES;
				GCC_C_LANGUAGE_STANDARD = gnu11;
				GCC_DYNAMIC_NO_PIC = NO;
				GCC_NO_COMMON_BLOCKS = YES;
				GCC_OPTIMIZATION_LEVEL = 0;
				GCC_PREPROCESSOR_DEFINITIONS = (
					"DEBUG=1",
					"$(inherited)",
				);
				GCC_WARN_64_TO_32_BIT_CONVERSION = YES;
				GCC_WARN_ABOUT_RETURN_TYPE = YES_ERROR;
				GCC_WARN_UNDECLARED_SELECTOR = YES;
				GCC_WARN_UNINITIALIZED_AUTOS = YES_AGGRESSIVE;
				GCC_WARN_UNUSED_FUNCTION = YES;
				GCC_WARN_UNUSED_VARIABLE = YES;
				IPHONEOS_DEPLOYMENT_TARGET = 16.4;
				MTL_ENABLE_DEBUG_INFO = INCLUDE_SOURCE;
				MTL_FAST_MATH = YES;
				ONLY_ACTIVE_ARCH = YES;
				SDKROOT = iphoneos;
				SWIFT_ACTIVE_COMPILATION_CONDITIONS = DEBUG;
				SWIFT_OPTIMIZATION_LEVEL = "-Onone";
			};
			name = Debug;
		};
		CEC1D1B52A51B5FD00B1107C /* Release */ = {
			isa = XCBuildConfiguration;
			buildSettings = {
				ALWAYS_SEARCH_USER_PATHS = NO;
				CLANG_ANALYZER_NONNULL = YES;
				CLANG_ANALYZER_NUMBER_OBJECT_CONVERSION = YES_AGGRESSIVE;
				CLANG_CXX_LANGUAGE_STANDARD = "gnu++20";
				CLANG_ENABLE_MODULES = YES;
				CLANG_ENABLE_OBJC_ARC = YES;
				CLANG_ENABLE_OBJC_WEAK = YES;
				CLANG_WARN_BLOCK_CAPTURE_AUTORELEASING = YES;
				CLANG_WARN_BOOL_CONVERSION = YES;
				CLANG_WARN_COMMA = YES;
				CLANG_WARN_CONSTANT_CONVERSION = YES;
				CLANG_WARN_DEPRECATED_OBJC_IMPLEMENTATIONS = YES;
				CLANG_WARN_DIRECT_OBJC_ISA_USAGE = YES_ERROR;
				CLANG_WARN_DOCUMENTATION_COMMENTS = YES;
				CLANG_WARN_EMPTY_BODY = YES;
				CLANG_WARN_ENUM_CONVERSION = YES;
				CLANG_WARN_INFINITE_RECURSION = YES;
				CLANG_WARN_INT_CONVERSION = YES;
				CLANG_WARN_NON_LITERAL_NULL_CONVERSION = YES;
				CLANG_WARN_OBJC_IMPLICIT_RETAIN_SELF = YES;
				CLANG_WARN_OBJC_LITERAL_CONVERSION = YES;
				CLANG_WARN_OBJC_ROOT_CLASS = YES_ERROR;
				CLANG_WARN_QUOTED_INCLUDE_IN_FRAMEWORK_HEADER = YES;
				CLANG_WARN_RANGE_LOOP_ANALYSIS = YES;
				CLANG_WARN_STRICT_PROTOTYPES = YES;
				CLANG_WARN_SUSPICIOUS_MOVE = YES;
				CLANG_WARN_UNGUARDED_AVAILABILITY = YES_AGGRESSIVE;
				CLANG_WARN_UNREACHABLE_CODE = YES;
				CLANG_WARN__DUPLICATE_METHOD_MATCH = YES;
				COPY_PHASE_STRIP = NO;
				DEBUG_INFORMATION_FORMAT = "dwarf-with-dsym";
				ENABLE_NS_ASSERTIONS = NO;
				ENABLE_STRICT_OBJC_MSGSEND = YES;
				GCC_C_LANGUAGE_STANDARD = gnu11;
				GCC_NO_COMMON_BLOCKS = YES;
				GCC_WARN_64_TO_32_BIT_CONVERSION = YES;
				GCC_WARN_ABOUT_RETURN_TYPE = YES_ERROR;
				GCC_WARN_UNDECLARED_SELECTOR = YES;
				GCC_WARN_UNINITIALIZED_AUTOS = YES_AGGRESSIVE;
				GCC_WARN_UNUSED_FUNCTION = YES;
				GCC_WARN_UNUSED_VARIABLE = YES;
				IPHONEOS_DEPLOYMENT_TARGET = 16.4;
				MTL_ENABLE_DEBUG_INFO = NO;
				MTL_FAST_MATH = YES;
				SDKROOT = iphoneos;
				SWIFT_COMPILATION_MODE = wholemodule;
				SWIFT_OPTIMIZATION_LEVEL = "-O";
				VALIDATE_PRODUCT = YES;
			};
			name = Release;
		};
		CEC1D1B72A51B5FD00B1107C /* Debug */ = {
			isa = XCBuildConfiguration;
			buildSettings = {
				ASSETCATALOG_COMPILER_APPICON_NAME = AppIcon;
				ASSETCATALOG_COMPILER_GLOBAL_ACCENT_COLOR_NAME = AccentColor;
				CODE_SIGN_STYLE = Automatic;
				CURRENT_PROJECT_VERSION = 1;
				DEVELOPMENT_ASSET_PATHS = "\"ChartProject/Preview Content\"";
				DEVELOPMENT_TEAM = J3K9GM43VT;
				ENABLE_PREVIEWS = YES;
				GENERATE_INFOPLIST_FILE = YES;
				INFOPLIST_KEY_UIApplicationSceneManifest_Generation = YES;
				INFOPLIST_KEY_UIApplicationSupportsIndirectInputEvents = YES;
				INFOPLIST_KEY_UILaunchScreen_Generation = YES;
				INFOPLIST_KEY_UISupportedInterfaceOrientations_iPad = "UIInterfaceOrientationPortrait UIInterfaceOrientationPortraitUpsideDown UIInterfaceOrientationLandscapeLeft UIInterfaceOrientationLandscapeRight";
				INFOPLIST_KEY_UISupportedInterfaceOrientations_iPhone = "UIInterfaceOrientationPortrait UIInterfaceOrientationLandscapeLeft UIInterfaceOrientationLandscapeRight";
				LD_RUNPATH_SEARCH_PATHS = (
					"$(inherited)",
					"@executable_path/Frameworks",
				);
				MARKETING_VERSION = 1.0;
				PRODUCT_BUNDLE_IDENTIFIER = com.lama.test.ChartProject;
				PRODUCT_NAME = "$(TARGET_NAME)";
				SWIFT_EMIT_LOC_STRINGS = YES;
				SWIFT_VERSION = 5.0;
				TARGETED_DEVICE_FAMILY = "1,2";
			};
			name = Debug;
		};
		CEC1D1B82A51B5FD00B1107C /* Release */ = {
			isa = XCBuildConfiguration;
			buildSettings = {
				ASSETCATALOG_COMPILER_APPICON_NAME = AppIcon;
				ASSETCATALOG_COMPILER_GLOBAL_ACCENT_COLOR_NAME = AccentColor;
				CODE_SIGN_STYLE = Automatic;
				CURRENT_PROJECT_VERSION = 1;
				DEVELOPMENT_ASSET_PATHS = "\"ChartProject/Preview Content\"";
				DEVELOPMENT_TEAM = J3K9GM43VT;
				ENABLE_PREVIEWS = YES;
				GENERATE_INFOPLIST_FILE = YES;
				INFOPLIST_KEY_UIApplicationSceneManifest_Generation = YES;
				INFOPLIST_KEY_UIApplicationSupportsIndirectInputEvents = YES;
				INFOPLIST_KEY_UILaunchScreen_Generation = YES;
				INFOPLIST_KEY_UISupportedInterfaceOrientations_iPad = "UIInterfaceOrientationPortrait UIInterfaceOrientationPortraitUpsideDown UIInterfaceOrientationLandscapeLeft UIInterfaceOrientationLandscapeRight";
				INFOPLIST_KEY_UISupportedInterfaceOrientations_iPhone = "UIInterfaceOrientationPortrait UIInterfaceOrientationLandscapeLeft UIInterfaceOrientationLandscapeRight";
				LD_RUNPATH_SEARCH_PATHS = (
					"$(inherited)",
					"@executable_path/Frameworks",
				);
				MARKETING_VERSION = 1.0;
				PRODUCT_BUNDLE_IDENTIFIER = com.lama.test.ChartProject;
				PRODUCT_NAME = "$(TARGET_NAME)";
				SWIFT_EMIT_LOC_STRINGS = YES;
				SWIFT_VERSION = 5.0;
				TARGETED_DEVICE_FAMILY = "1,2";
			};
			name = Release;
		};
/* End XCBuildConfiguration section */

/* Begin XCConfigurationList section */
		CEC1D1A32A51B5FB00B1107C /* Build configuration list for PBXProject "ChartProject" */ = {
			isa = XCConfigurationList;
			buildConfigurations = (
				CEC1D1B42A51B5FD00B1107C /* Debug */,
				CEC1D1B52A51B5FD00B1107C /* Release */,
			);
			defaultConfigurationIsVisible = 0;
			defaultConfigurationName = Release;
		};
		CEC1D1B62A51B5FD00B1107C /* Build configuration list for PBXNativeTarget "ChartProject" */ = {
			isa = XCConfigurationList;
			buildConfigurations = (
				CEC1D1B72A51B5FD00B1107C /* Debug */,
				CEC1D1B82A51B5FD00B1107C /* Release */,
			);
			defaultConfigurationIsVisible = 0;
			defaultConfigurationName = Release;
		};
/* End XCConfigurationList section */
	};
	rootObject = CEC1D1A02A51B5FB00B1107C /* Project object */;
}
